// !$*UTF8*$!
{
	archiveVersion = 1;
	classes = {
	};
	objectVersion = 46;
	objects = {

/* Begin PBXBuildFile section */
		EE8C685C1AB0A24800641A7F /* AppDelegate.swift in Sources */ = {isa = PBXBuildFile; fileRef = EE8C685B1AB0A24800641A7F /* AppDelegate.swift */; };
		EE8C685E1AB0A24800641A7F /* ViewController.swift in Sources */ = {isa = PBXBuildFile; fileRef = EE8C685D1AB0A24800641A7F /* ViewController.swift */; };
		EE8C68611AB0A24800641A7F /* Main.storyboard in Resources */ = {isa = PBXBuildFile; fileRef = EE8C685F1AB0A24800641A7F /* Main.storyboard */; };
		EE8C68631AB0A24800641A7F /* Images.xcassets in Resources */ = {isa = PBXBuildFile; fileRef = EE8C68621AB0A24800641A7F /* Images.xcassets */; };
		EE8C68661AB0A24800641A7F /* LaunchScreen.xib in Resources */ = {isa = PBXBuildFile; fileRef = EE8C68641AB0A24800641A7F /* LaunchScreen.xib */; };
		EE8C68721AB0A24800641A7F /* Budget_AppTests.swift in Sources */ = {isa = PBXBuildFile; fileRef = EE8C68711AB0A24800641A7F /* Budget_AppTests.swift */; };
		EEBB83E51AD5989000BD14AA /* MainVC.swift in Sources */ = {isa = PBXBuildFile; fileRef = EEBB83E41AD5989000BD14AA /* MainVC.swift */; };
		EEBB83E71AD5989D00BD14AA /* SettingsVC.swift in Sources */ = {isa = PBXBuildFile; fileRef = EEBB83E61AD5989D00BD14AA /* SettingsVC.swift */; };
		EEBB83E91AD598A700BD14AA /* StatsVC.swift in Sources */ = {isa = PBXBuildFile; fileRef = EEBB83E81AD598A700BD14AA /* StatsVC.swift */; };
		EEBB83EB1AD598B600BD14AA /* SpendVC.swift in Sources */ = {isa = PBXBuildFile; fileRef = EEBB83EA1AD598B600BD14AA /* SpendVC.swift */; };
		EEBB83ED1AD5993900BD14AA /* OverviewVC.swift in Sources */ = {isa = PBXBuildFile; fileRef = EEBB83EC1AD5993900BD14AA /* OverviewVC.swift */; };
		EEBB83EF1AD5995000BD14AA /* CategoryVC.swift in Sources */ = {isa = PBXBuildFile; fileRef = EEBB83EE1AD5995000BD14AA /* CategoryVC.swift */; };
		EEBB83F11AD5998A00BD14AA /* EntireBudget.swift in Sources */ = {isa = PBXBuildFile; fileRef = EEBB83F01AD5998A00BD14AA /* EntireBudget.swift */; };
		EEBB83F31AD5999700BD14AA /* ParticularCategory.swift in Sources */ = {isa = PBXBuildFile; fileRef = EEBB83F21AD5999700BD14AA /* ParticularCategory.swift */; };
		EEBB83F51AD599A200BD14AA /* ParticularSpending.swift in Sources */ = {isa = PBXBuildFile; fileRef = EEBB83F41AD599A200BD14AA /* ParticularSpending.swift */; };
		EEBB83F71AD599DC00BD14AA /* To Do in Resources */ = {isa = PBXBuildFile; fileRef = EEBB83F61AD599DC00BD14AA /* To Do */; };
		EEBB83F91AD5B4F600BD14AA /* GlobalVars.swift in Sources */ = {isa = PBXBuildFile; fileRef = EEBB83F81AD5B4F600BD14AA /* GlobalVars.swift */; };
/* End PBXBuildFile section */

/* Begin PBXContainerItemProxy section */
		EE8C686C1AB0A24800641A7F /* PBXContainerItemProxy */ = {
			isa = PBXContainerItemProxy;
			containerPortal = EE8C684E1AB0A24800641A7F /* Project object */;
			proxyType = 1;
			remoteGlobalIDString = EE8C68551AB0A24800641A7F;
			remoteInfo = "Budget App";
		};
/* End PBXContainerItemProxy section */

/* Begin PBXFileReference section */
		EE8C68561AB0A24800641A7F /* Budget App.app */ = {isa = PBXFileReference; explicitFileType = wrapper.application; includeInIndex = 0; path = "Budget App.app"; sourceTree = BUILT_PRODUCTS_DIR; };
		EE8C685A1AB0A24800641A7F /* Info.plist */ = {isa = PBXFileReference; lastKnownFileType = text.plist.xml; path = Info.plist; sourceTree = "<group>"; };
		EE8C685B1AB0A24800641A7F /* AppDelegate.swift */ = {isa = PBXFileReference; lastKnownFileType = sourcecode.swift; path = AppDelegate.swift; sourceTree = "<group>"; };
		EE8C685D1AB0A24800641A7F /* ViewController.swift */ = {isa = PBXFileReference; lastKnownFileType = sourcecode.swift; path = ViewController.swift; sourceTree = "<group>"; };
		EE8C68601AB0A24800641A7F /* Base */ = {isa = PBXFileReference; lastKnownFileType = file.storyboard; name = Base; path = Base.lproj/Main.storyboard; sourceTree = "<group>"; };
		EE8C68621AB0A24800641A7F /* Images.xcassets */ = {isa = PBXFileReference; lastKnownFileType = folder.assetcatalog; path = Images.xcassets; sourceTree = "<group>"; };
		EE8C68651AB0A24800641A7F /* Base */ = {isa = PBXFileReference; lastKnownFileType = file.xib; name = Base; path = Base.lproj/LaunchScreen.xib; sourceTree = "<group>"; };
		EE8C686B1AB0A24800641A7F /* Budget AppTests.xctest */ = {isa = PBXFileReference; explicitFileType = wrapper.cfbundle; includeInIndex = 0; path = "Budget AppTests.xctest"; sourceTree = BUILT_PRODUCTS_DIR; };
		EE8C68701AB0A24800641A7F /* Info.plist */ = {isa = PBXFileReference; lastKnownFileType = text.plist.xml; path = Info.plist; sourceTree = "<group>"; };
		EE8C68711AB0A24800641A7F /* Budget_AppTests.swift */ = {isa = PBXFileReference; lastKnownFileType = sourcecode.swift; path = Budget_AppTests.swift; sourceTree = "<group>"; };
		EEBB83E41AD5989000BD14AA /* MainVC.swift */ = {isa = PBXFileReference; fileEncoding = 4; lastKnownFileType = sourcecode.swift; path = MainVC.swift; sourceTree = "<group>"; };
		EEBB83E61AD5989D00BD14AA /* SettingsVC.swift */ = {isa = PBXFileReference; fileEncoding = 4; lastKnownFileType = sourcecode.swift; path = SettingsVC.swift; sourceTree = "<group>"; };
		EEBB83E81AD598A700BD14AA /* StatsVC.swift */ = {isa = PBXFileReference; fileEncoding = 4; lastKnownFileType = sourcecode.swift; path = StatsVC.swift; sourceTree = "<group>"; };
		EEBB83EA1AD598B600BD14AA /* SpendVC.swift */ = {isa = PBXFileReference; fileEncoding = 4; lastKnownFileType = sourcecode.swift; path = SpendVC.swift; sourceTree = "<group>"; };
		EEBB83EC1AD5993900BD14AA /* OverviewVC.swift */ = {isa = PBXFileReference; fileEncoding = 4; lastKnownFileType = sourcecode.swift; path = OverviewVC.swift; sourceTree = "<group>"; };
		EEBB83EE1AD5995000BD14AA /* CategoryVC.swift */ = {isa = PBXFileReference; fileEncoding = 4; lastKnownFileType = sourcecode.swift; path = CategoryVC.swift; sourceTree = "<group>"; };
		EEBB83F01AD5998A00BD14AA /* EntireBudget.swift */ = {isa = PBXFileReference; fileEncoding = 4; lastKnownFileType = sourcecode.swift; path = EntireBudget.swift; sourceTree = "<group>"; };
		EEBB83F21AD5999700BD14AA /* ParticularCategory.swift */ = {isa = PBXFileReference; fileEncoding = 4; lastKnownFileType = sourcecode.swift; path = ParticularCategory.swift; sourceTree = "<group>"; };
		EEBB83F41AD599A200BD14AA /* ParticularSpending.swift */ = {isa = PBXFileReference; fileEncoding = 4; lastKnownFileType = sourcecode.swift; path = ParticularSpending.swift; sourceTree = "<group>"; };
		EEBB83F61AD599DC00BD14AA /* To Do */ = {isa = PBXFileReference; fileEncoding = 4; lastKnownFileType = text; path = "To Do"; sourceTree = "<group>"; };
		EEBB83F81AD5B4F600BD14AA /* GlobalVars.swift */ = {isa = PBXFileReference; fileEncoding = 4; lastKnownFileType = sourcecode.swift; path = GlobalVars.swift; sourceTree = "<group>"; };
/* End PBXFileReference section */

/* Begin PBXFrameworksBuildPhase section */
		EE8C68531AB0A24800641A7F /* Frameworks */ = {
			isa = PBXFrameworksBuildPhase;
			buildActionMask = 2147483647;
			files = (
			);
			runOnlyForDeploymentPostprocessing = 0;
		};
		EE8C68681AB0A24800641A7F /* Frameworks */ = {
			isa = PBXFrameworksBuildPhase;
			buildActionMask = 2147483647;
			files = (
			);
			runOnlyForDeploymentPostprocessing = 0;
		};
/* End PBXFrameworksBuildPhase section */

/* Begin PBXGroup section */
		EE8C684D1AB0A24800641A7F = {
			isa = PBXGroup;
			children = (
				EE8C68581AB0A24800641A7F /* Budget App */,
				EE8C686E1AB0A24800641A7F /* Budget AppTests */,
				EE8C68571AB0A24800641A7F /* Products */,
			);
			sourceTree = "<group>";
		};
		EE8C68571AB0A24800641A7F /* Products */ = {
			isa = PBXGroup;
			children = (
				EE8C68561AB0A24800641A7F /* Budget App.app */,
				EE8C686B1AB0A24800641A7F /* Budget AppTests.xctest */,
			);
			name = Products;
			sourceTree = "<group>";
		};
		EE8C68581AB0A24800641A7F /* Budget App */ = {
			isa = PBXGroup;
			children = (
				EE8C685B1AB0A24800641A7F /* AppDelegate.swift */,
				EE8C685D1AB0A24800641A7F /* ViewController.swift */,
				EE8C685F1AB0A24800641A7F /* Main.storyboard */,
				EEBB83F81AD5B4F600BD14AA /* GlobalVars.swift */,
				EEBB83F01AD5998A00BD14AA /* EntireBudget.swift */,
				EEBB83F21AD5999700BD14AA /* ParticularCategory.swift */,
				EEBB83F41AD599A200BD14AA /* ParticularSpending.swift */,
				EEBB83EE1AD5995000BD14AA /* CategoryVC.swift */,
				EEBB83E81AD598A700BD14AA /* StatsVC.swift */,
				EEBB83EA1AD598B600BD14AA /* SpendVC.swift */,
				EEBB83E61AD5989D00BD14AA /* SettingsVC.swift */,
				EEBB83E41AD5989000BD14AA /* MainVC.swift */,
				EEBB83EC1AD5993900BD14AA /* OverviewVC.swift */,
				EEBB83F61AD599DC00BD14AA /* To Do */,
				EE8C68621AB0A24800641A7F /* Images.xcassets */,
				EE8C68641AB0A24800641A7F /* LaunchScreen.xib */,
				EE8C68591AB0A24800641A7F /* Supporting Files */,
			);
			path = "Budget App";
			sourceTree = "<group>";
		};
		EE8C68591AB0A24800641A7F /* Supporting Files */ = {
			isa = PBXGroup;
			children = (
				EE8C685A1AB0A24800641A7F /* Info.plist */,
			);
			name = "Supporting Files";
			sourceTree = "<group>";
		};
		EE8C686E1AB0A24800641A7F /* Budget AppTests */ = {
			isa = PBXGroup;
			children = (
				EE8C68711AB0A24800641A7F /* Budget_AppTests.swift */,
				EE8C686F1AB0A24800641A7F /* Supporting Files */,
			);
			path = "Budget AppTests";
			sourceTree = "<group>";
		};
		EE8C686F1AB0A24800641A7F /* Supporting Files */ = {
			isa = PBXGroup;
			children = (
				EE8C68701AB0A24800641A7F /* Info.plist */,
			);
			name = "Supporting Files";
			sourceTree = "<group>";
		};
/* End PBXGroup section */

/* Begin PBXNativeTarget section */
		EE8C68551AB0A24800641A7F /* Budget App */ = {
			isa = PBXNativeTarget;
			buildConfigurationList = EE8C68751AB0A24800641A7F /* Build configuration list for PBXNativeTarget "Budget App" */;
			buildPhases = (
				EE8C68521AB0A24800641A7F /* Sources */,
				EE8C68531AB0A24800641A7F /* Frameworks */,
				EE8C68541AB0A24800641A7F /* Resources */,
			);
			buildRules = (
			);
			dependencies = (
			);
			name = "Budget App";
			productName = "Budget App";
			productReference = EE8C68561AB0A24800641A7F /* Budget App.app */;
			productType = "com.apple.product-type.application";
		};
		EE8C686A1AB0A24800641A7F /* Budget AppTests */ = {
			isa = PBXNativeTarget;
			buildConfigurationList = EE8C68781AB0A24800641A7F /* Build configuration list for PBXNativeTarget "Budget AppTests" */;
			buildPhases = (
				EE8C68671AB0A24800641A7F /* Sources */,
				EE8C68681AB0A24800641A7F /* Frameworks */,
				EE8C68691AB0A24800641A7F /* Resources */,
			);
			buildRules = (
			);
			dependencies = (
				EE8C686D1AB0A24800641A7F /* PBXTargetDependency */,
			);
			name = "Budget AppTests";
			productName = "Budget AppTests";
			productReference = EE8C686B1AB0A24800641A7F /* Budget AppTests.xctest */;
			productType = "com.apple.product-type.bundle.unit-test";
		};
/* End PBXNativeTarget section */

/* Begin PBXProject section */
		EE8C684E1AB0A24800641A7F /* Project object */ = {
			isa = PBXProject;
			attributes = {
				LastUpgradeCheck = 0610;
				ORGANIZATIONNAME = "Ken Garber";
				TargetAttributes = {
					EE8C68551AB0A24800641A7F = {
						CreatedOnToolsVersion = 6.1.1;
					};
					EE8C686A1AB0A24800641A7F = {
						CreatedOnToolsVersion = 6.1.1;
						TestTargetID = EE8C68551AB0A24800641A7F;
					};
				};
			};
			buildConfigurationList = EE8C68511AB0A24800641A7F /* Build configuration list for PBXProject "Budget App" */;
			compatibilityVersion = "Xcode 3.2";
			developmentRegion = English;
			hasScannedForEncodings = 0;
			knownRegions = (
				en,
				Base,
			);
			mainGroup = EE8C684D1AB0A24800641A7F;
			productRefGroup = EE8C68571AB0A24800641A7F /* Products */;
			projectDirPath = "";
			projectRoot = "";
			targets = (
				EE8C68551AB0A24800641A7F /* Budget App */,
				EE8C686A1AB0A24800641A7F /* Budget AppTests */,
			);
		};
/* End PBXProject section */

/* Begin PBXResourcesBuildPhase section */
		EE8C68541AB0A24800641A7F /* Resources */ = {
			isa = PBXResourcesBuildPhase;
			buildActionMask = 2147483647;
			files = (
				EE8C68611AB0A24800641A7F /* Main.storyboard in Resources */,
				EE8C68661AB0A24800641A7F /* LaunchScreen.xib in Resources */,
				EE8C68631AB0A24800641A7F /* Images.xcassets in Resources */,
				EEBB83F71AD599DC00BD14AA /* To Do in Resources */,
			);
			runOnlyForDeploymentPostprocessing = 0;
		};
		EE8C68691AB0A24800641A7F /* Resources */ = {
			isa = PBXResourcesBuildPhase;
			buildActionMask = 2147483647;
			files = (
			);
			runOnlyForDeploymentPostprocessing = 0;
		};
/* End PBXResourcesBuildPhase section */

/* Begin PBXSourcesBuildPhase section */
		EE8C68521AB0A24800641A7F /* Sources */ = {
			isa = PBXSourcesBuildPhase;
			buildActionMask = 2147483647;
			files = (
				EEBB83F31AD5999700BD14AA /* ParticularCategory.swift in Sources */,
				EE8C685E1AB0A24800641A7F /* ViewController.swift in Sources */,
				EEBB83E91AD598A700BD14AA /* StatsVC.swift in Sources */,
				EEBB83EF1AD5995000BD14AA /* CategoryVC.swift in Sources */,
				EEBB83F91AD5B4F600BD14AA /* GlobalVars.swift in Sources */,
				EEBB83E71AD5989D00BD14AA /* SettingsVC.swift in Sources */,
				EEBB83ED1AD5993900BD14AA /* OverviewVC.swift in Sources */,
				EEBB83EB1AD598B600BD14AA /* SpendVC.swift in Sources */,
				EEBB83E51AD5989000BD14AA /* MainVC.swift in Sources */,
				EEBB83F51AD599A200BD14AA /* ParticularSpending.swift in Sources */,
				EE8C685C1AB0A24800641A7F /* AppDelegate.swift in Sources */,
				EEBB83F11AD5998A00BD14AA /* EntireBudget.swift in Sources */,
			);
			runOnlyForDeploymentPostprocessing = 0;
		};
		EE8C68671AB0A24800641A7F /* Sources */ = {
			isa = PBXSourcesBuildPhase;
			buildActionMask = 2147483647;
			files = (
				EE8C68721AB0A24800641A7F /* Budget_AppTests.swift in Sources */,
			);
			runOnlyForDeploymentPostprocessing = 0;
		};
/* End PBXSourcesBuildPhase section */

/* Begin PBXTargetDependency section */
		EE8C686D1AB0A24800641A7F /* PBXTargetDependency */ = {
			isa = PBXTargetDependency;
			target = EE8C68551AB0A24800641A7F /* Budget App */;
			targetProxy = EE8C686C1AB0A24800641A7F /* PBXContainerItemProxy */;
		};
/* End PBXTargetDependency section */

/* Begin PBXVariantGroup section */
		EE8C685F1AB0A24800641A7F /* Main.storyboard */ = {
			isa = PBXVariantGroup;
			children = (
				EE8C68601AB0A24800641A7F /* Base */,
			);
			name = Main.storyboard;
			sourceTree = "<group>";
		};
		EE8C68641AB0A24800641A7F /* LaunchScreen.xib */ = {
			isa = PBXVariantGroup;
			children = (
				EE8C68651AB0A24800641A7F /* Base */,
			);
			name = LaunchScreen.xib;
			sourceTree = "<group>";
		};
/* End PBXVariantGroup section */

/* Begin XCBuildConfiguration section */
		EE8C68731AB0A24800641A7F /* Debug */ = {
			isa = XCBuildConfiguration;
			buildSettings = {
				ALWAYS_SEARCH_USER_PATHS = NO;
				CLANG_CXX_LANGUAGE_STANDARD = "gnu++0x";
				CLANG_CXX_LIBRARY = "libc++";
				CLANG_ENABLE_MODULES = YES;
				CLANG_ENABLE_OBJC_ARC = YES;
				CLANG_WARN_BOOL_CONVERSION = YES;
				CLANG_WARN_CONSTANT_CONVERSION = YES;
				CLANG_WARN_DIRECT_OBJC_ISA_USAGE = YES_ERROR;
				CLANG_WARN_EMPTY_BODY = YES;
				CLANG_WARN_ENUM_CONVERSION = YES;
				CLANG_WARN_INT_CONVERSION = YES;
				CLANG_WARN_OBJC_ROOT_CLASS = YES_ERROR;
				CLANG_WARN_UNREACHABLE_CODE = YES;
				CLANG_WARN__DUPLICATE_METHOD_MATCH = YES;
				"CODE_SIGN_IDENTITY[sdk=iphoneos*]" = "iPhone Developer";
				COPY_PHASE_STRIP = NO;
				ENABLE_STRICT_OBJC_MSGSEND = YES;
				GCC_C_LANGUAGE_STANDARD = gnu99;
				GCC_DYNAMIC_NO_PIC = NO;
				GCC_OPTIMIZATION_LEVEL = 0;
				GCC_PREPROCESSOR_DEFINITIONS = (
					"DEBUG=1",
					"$(inherited)",
				);
				GCC_SYMBOLS_PRIVATE_EXTERN = NO;
				GCC_WARN_64_TO_32_BIT_CONVERSION = YES;
				GCC_WARN_ABOUT_RETURN_TYPE = YES_ERROR;
				GCC_WARN_UNDECLARED_SELECTOR = YES;
				GCC_WARN_UNINITIALIZED_AUTOS = YES_AGGRESSIVE;
				GCC_WARN_UNUSED_FUNCTION = YES;
				GCC_WARN_UNUSED_VARIABLE = YES;
				IPHONEOS_DEPLOYMENT_TARGET = 8.1;
				MTL_ENABLE_DEBUG_INFO = YES;
				ONLY_ACTIVE_ARCH = YES;
				SDKROOT = iphoneos;
				SWIFT_OPTIMIZATION_LEVEL = "-Onone";
				TARGETED_DEVICE_FAMILY = "1,2";
			};
			name = Debug;
		};
		EE8C68741AB0A24800641A7F /* Release */ = {
			isa = XCBuildConfiguration;
			buildSettings = {
				ALWAYS_SEARCH_USER_PATHS = NO;
				CLANG_CXX_LANGUAGE_STANDARD = "gnu++0x";
				CLANG_CXX_LIBRARY = "libc++";
				CLANG_ENABLE_MODULES = YES;
				CLANG_ENABLE_OBJC_ARC = YES;
				CLANG_WARN_BOOL_CONVERSION = YES;
				CLANG_WARN_CONSTANT_CONVERSION = YES;
				CLANG_WARN_DIRECT_OBJC_ISA_USAGE = YES_ERROR;
				CLANG_WARN_EMPTY_BODY = YES;
				CLANG_WARN_ENUM_CONVERSION = YES;
				CLANG_WARN_INT_CONVERSION = YES;
				CLANG_WARN_OBJC_ROOT_CLASS = YES_ERROR;
				CLANG_WARN_UNREACHABLE_CODE = YES;
				CLANG_WARN__DUPLICATE_METHOD_MATCH = YES;
				"CODE_SIGN_IDENTITY[sdk=iphoneos*]" = "iPhone Developer";
				COPY_PHASE_STRIP = YES;
				ENABLE_NS_ASSERTIONS = NO;
				ENABLE_STRICT_OBJC_MSGSEND = YES;
				GCC_C_LANGUAGE_STANDARD = gnu99;
				GCC_WARN_64_TO_32_BIT_CONVERSION = YES;
				GCC_WARN_ABOUT_RETURN_TYPE = YES_ERROR;
				GCC_WARN_UNDECLARED_SELECTOR = YES;
				GCC_WARN_UNINITIALIZED_AUTOS = YES_AGGRESSIVE;
				GCC_WARN_UNUSED_FUNCTION = YES;
				GCC_WARN_UNUSED_VARIABLE = YES;
				IPHONEOS_DEPLOYMENT_TARGET = 8.1;
				MTL_ENABLE_DEBUG_INFO = NO;
				SDKROOT = iphoneos;
				TARGETED_DEVICE_FAMILY = "1,2";
				VALIDATE_PRODUCT = YES;
			};
			name = Release;
		};
		EE8C68761AB0A24800641A7F /* Debug */ = {
			isa = XCBuildConfiguration;
			buildSettings = {
				ASSETCATALOG_COMPILER_APPICON_NAME = AppIcon;
				INFOPLIST_FILE = "Budget App/Info.plist";
				LD_RUNPATH_SEARCH_PATHS = "$(inherited) @executable_path/Frameworks";
				PRODUCT_NAME = "$(TARGET_NAME)";
			};
			name = Debug;
		};
		EE8C68771AB0A24800641A7F /* Release */ = {
			isa = XCBuildConfiguration;
			buildSettings = {
				ASSETCATALOG_COMPILER_APPICON_NAME = AppIcon;
				INFOPLIST_FILE = "Budget App/Info.plist";
				LD_RUNPATH_SEARCH_PATHS = "$(inherited) @executable_path/Frameworks";
				PRODUCT_NAME = "$(TARGET_NAME)";
			};
			name = Release;
		};
		EE8C68791AB0A24800641A7F /* Debug */ = {
			isa = XCBuildConfiguration;
			buildSettings = {
				BUNDLE_LOADER = "$(TEST_HOST)";
				FRAMEWORK_SEARCH_PATHS = (
					"$(SDKROOT)/Developer/Library/Frameworks",
					"$(inherited)",
				);
				GCC_PREPROCESSOR_DEFINITIONS = (
					"DEBUG=1",
					"$(inherited)",
				);
				INFOPLIST_FILE = "Budget AppTests/Info.plist";
				LD_RUNPATH_SEARCH_PATHS = "$(inherited) @executable_path/Frameworks @loader_path/Frameworks";
				PRODUCT_NAME = "$(TARGET_NAME)";
				TEST_HOST = "$(BUILT_PRODUCTS_DIR)/Budget App.app/Budget App";
			};
			name = Debug;
		};
		EE8C687A1AB0A24800641A7F /* Release */ = {
			isa = XCBuildConfiguration;
			buildSettings = {
				BUNDLE_LOADER = "$(TEST_HOST)";
				FRAMEWORK_SEARCH_PATHS = (
					"$(SDKROOT)/Developer/Library/Frameworks",
					"$(inherited)",
				);
				INFOPLIST_FILE = "Budget AppTests/Info.plist";
				LD_RUNPATH_SEARCH_PATHS = "$(inherited) @executable_path/Frameworks @loader_path/Frameworks";
				PRODUCT_NAME = "$(TARGET_NAME)";
				TEST_HOST = "$(BUILT_PRODUCTS_DIR)/Budget App.app/Budget App";
			};
			name = Release;
		};
/* End XCBuildConfiguration section */

/* Begin XCConfigurationList section */
		EE8C68511AB0A24800641A7F /* Build configuration list for PBXProject "Budget App" */ = {
			isa = XCConfigurationList;
			buildConfigurations = (
				EE8C68731AB0A24800641A7F /* Debug */,
				EE8C68741AB0A24800641A7F /* Release */,
			);
			defaultConfigurationIsVisible = 0;
			defaultConfigurationName = Release;
		};
		EE8C68751AB0A24800641A7F /* Build configuration list for PBXNativeTarget "Budget App" */ = {
			isa = XCConfigurationList;
			buildConfigurations = (
				EE8C68761AB0A24800641A7F /* Debug */,
				EE8C68771AB0A24800641A7F /* Release */,
			);
			defaultConfigurationIsVisible = 0;
			defaultConfigurationName = Release;
		};
		EE8C68781AB0A24800641A7F /* Build configuration list for PBXNativeTarget "Budget AppTests" */ = {
			isa = XCConfigurationList;
			buildConfigurations = (
				EE8C68791AB0A24800641A7F /* Debug */,
				EE8C687A1AB0A24800641A7F /* Release */,
			);
			defaultConfigurationIsVisible = 0;
			defaultConfigurationName = Release;
		};
/* End XCConfigurationList section */
	};
	rootObject = EE8C684E1AB0A24800641A7F /* Project object */;
}
